summary: flock(1) locks files
webpage: https://github.com/discoteq/flock
version: 0.4.0 
bin-url: https://github.com/leleliu008/uppm-package-repository-openbsd-7.2-amd64/releases/download/2025.07.25/flock-0.4.0-openbsd-7.2-amd64.release.tar.xz 
bin-sha: 717b13c8414db946b7aaa2913a9a1e0e06a9c6d26f344b93da363fa97ee41fa2
